// !$*UTF8*$!
{
	archiveVersion = 1;
	classes = {
	};
	objectVersion = 55;
	objects = {

/* Begin PBXBuildFile section */
		7708E1F8289493F90063E052 /* Vino_mioApp.swift in Sources */ = {isa = PBXBuildFile; fileRef = 7708E1F7289493F90063E052 /* Vino_mioApp.swift */; };
		7708E1FA289493F90063E052 /* ContentView.swift in Sources */ = {isa = PBXBuildFile; fileRef = 7708E1F9289493F90063E052 /* ContentView.swift */; };
		7708E1FC289493FB0063E052 /* Assets.xcassets in Resources */ = {isa = PBXBuildFile; fileRef = 7708E1FB289493FB0063E052 /* Assets.xcassets */; };
		7708E1FF289493FB0063E052 /* Preview Assets.xcassets in Resources */ = {isa = PBXBuildFile; fileRef = 7708E1FE289493FB0063E052 /* Preview Assets.xcassets */; };
		7708E206289495C60063E052 /* GoogleService-Info.plist in Resources */ = {isa = PBXBuildFile; fileRef = 7708E205289495C60063E052 /* GoogleService-Info.plist */; };
		7708E22E289A1A3C0063E052 /* WinesViewModel.swift in Sources */ = {isa = PBXBuildFile; fileRef = 7708E22D289A1A3C0063E052 /* WinesViewModel.swift */; };
		7708E231289A1DE90063E052 /* WineCollectionsView.swift in Sources */ = {isa = PBXBuildFile; fileRef = 7708E230289A1DE90063E052 /* WineCollectionsView.swift */; };
		7708E234289A23080063E052 /* Wine.swift in Sources */ = {isa = PBXBuildFile; fileRef = 7708E233289A23080063E052 /* Wine.swift */; };
		7708E237289B183C0063E052 /* WineViewModel.swift in Sources */ = {isa = PBXBuildFile; fileRef = 7708E236289B183C0063E052 /* WineViewModel.swift */; };
		7708E239289B19A00063E052 /* WineAddView.swift in Sources */ = {isa = PBXBuildFile; fileRef = 7708E238289B19A00063E052 /* WineAddView.swift */; };
		7708E243289B7DD30063E052 /* WineDetailView.swift in Sources */ = {isa = PBXBuildFile; fileRef = 7708E242289B7DD30063E052 /* WineDetailView.swift */; };
		B8CDA3E74368BE8D6519DB48 /* Pods_Vino_mio.framework in Frameworks */ = {isa = PBXBuildFile; fileRef = FCE132895F98E266771E45D3 /* Pods_Vino_mio.framework */; };
/* End PBXBuildFile section */

/* Begin PBXFileReference section */
		7708E1F4289493F90063E052 /* Vino mio.app */ = {isa = PBXFileReference; explicitFileType = wrapper.application; includeInIndex = 0; path = "Vino mio.app"; sourceTree = BUILT_PRODUCTS_DIR; };
		7708E1F7289493F90063E052 /* Vino_mioApp.swift */ = {isa = PBXFileReference; lastKnownFileType = sourcecode.swift; path = Vino_mioApp.swift; sourceTree = "<group>"; };
		7708E1F9289493F90063E052 /* ContentView.swift */ = {isa = PBXFileReference; lastKnownFileType = sourcecode.swift; path = ContentView.swift; sourceTree = "<group>"; };
		7708E1FB289493FB0063E052 /* Assets.xcassets */ = {isa = PBXFileReference; lastKnownFileType = folder.assetcatalog; path = Assets.xcassets; sourceTree = "<group>"; };
		7708E1FE289493FB0063E052 /* Preview Assets.xcassets */ = {isa = PBXFileReference; lastKnownFileType = folder.assetcatalog; path = "Preview Assets.xcassets"; sourceTree = "<group>"; };
		7708E205289495C60063E052 /* GoogleService-Info.plist */ = {isa = PBXFileReference; fileEncoding = 4; lastKnownFileType = text.plist.xml; path = "GoogleService-Info.plist"; sourceTree = "<group>"; };
		7708E22D289A1A3C0063E052 /* WinesViewModel.swift */ = {isa = PBXFileReference; lastKnownFileType = sourcecode.swift; path = WinesViewModel.swift; sourceTree = "<group>"; };
		7708E230289A1DE90063E052 /* WineCollectionsView.swift */ = {isa = PBXFileReference; lastKnownFileType = sourcecode.swift; path = WineCollectionsView.swift; sourceTree = "<group>"; };
		7708E233289A23080063E052 /* Wine.swift */ = {isa = PBXFileReference; lastKnownFileType = sourcecode.swift; path = Wine.swift; sourceTree = "<group>"; };
		7708E236289B183C0063E052 /* WineViewModel.swift */ = {isa = PBXFileReference; lastKnownFileType = sourcecode.swift; path = WineViewModel.swift; sourceTree = "<group>"; };
		7708E238289B19A00063E052 /* WineAddView.swift */ = {isa = PBXFileReference; lastKnownFileType = sourcecode.swift; path = WineAddView.swift; sourceTree = "<group>"; };
		7708E242289B7DD30063E052 /* WineDetailView.swift */ = {isa = PBXFileReference; lastKnownFileType = sourcecode.swift; path = WineDetailView.swift; sourceTree = "<group>"; };
		8488C935A3C6822B3BFC978A /* Pods-Vino mio.debug.xcconfig */ = {isa = PBXFileReference; includeInIndex = 1; lastKnownFileType = text.xcconfig; name = "Pods-Vino mio.debug.xcconfig"; path = "Target Support Files/Pods-Vino mio/Pods-Vino mio.debug.xcconfig"; sourceTree = "<group>"; };
		D0D63FA82E934A11CA88AF35 /* Pods-Vino mio.release.xcconfig */ = {isa = PBXFileReference; includeInIndex = 1; lastKnownFileType = text.xcconfig; name = "Pods-Vino mio.release.xcconfig"; path = "Target Support Files/Pods-Vino mio/Pods-Vino mio.release.xcconfig"; sourceTree = "<group>"; };
		FCE132895F98E266771E45D3 /* Pods_Vino_mio.framework */ = {isa = PBXFileReference; explicitFileType = wrapper.framework; includeInIndex = 0; path = Pods_Vino_mio.framework; sourceTree = BUILT_PRODUCTS_DIR; };
/* End PBXFileReference section */

/* Begin PBXFrameworksBuildPhase section */
		7708E1F1289493F90063E052 /* Frameworks */ = {
			isa = PBXFrameworksBuildPhase;
			buildActionMask = 2147483647;
			files = (
				B8CDA3E74368BE8D6519DB48 /* Pods_Vino_mio.framework in Frameworks */,
			);
			runOnlyForDeploymentPostprocessing = 0;
		};
/* End PBXFrameworksBuildPhase section */

/* Begin PBXGroup section */
		0F3C7524659B931587B43EBD /* Pods */ = {
			isa = PBXGroup;
			children = (
				8488C935A3C6822B3BFC978A /* Pods-Vino mio.debug.xcconfig */,
				D0D63FA82E934A11CA88AF35 /* Pods-Vino mio.release.xcconfig */,
			);
			path = Pods;
			sourceTree = "<group>";
		};
		73773EA6AB9AFADA2C007855 /* Frameworks */ = {
			isa = PBXGroup;
			children = (
				FCE132895F98E266771E45D3 /* Pods_Vino_mio.framework */,
			);
			name = Frameworks;
			sourceTree = "<group>";
		};
		7708E1EB289493F90063E052 = {
			isa = PBXGroup;
			children = (
				7708E1F6289493F90063E052 /* Vino mio */,
				7708E1F5289493F90063E052 /* Products */,
				0F3C7524659B931587B43EBD /* Pods */,
				73773EA6AB9AFADA2C007855 /* Frameworks */,
			);
			sourceTree = "<group>";
		};
		7708E1F5289493F90063E052 /* Products */ = {
			isa = PBXGroup;
			children = (
				7708E1F4289493F90063E052 /* Vino mio.app */,
			);
			name = Products;
			sourceTree = "<group>";
		};
		7708E1F6289493F90063E052 /* Vino mio */ = {
			isa = PBXGroup;
			children = (
				7708E232289A22F80063E052 /* Models */,
				7708E22F289A1DB20063E052 /* Views */,
				7708E22C289A19FD0063E052 /* ViewModels */,
				7708E1F7289493F90063E052 /* Vino_mioApp.swift */,
				7708E1FB289493FB0063E052 /* Assets.xcassets */,
				7708E205289495C60063E052 /* GoogleService-Info.plist */,
				7708E1FD289493FB0063E052 /* Preview Content */,
			);
			path = "Vino mio";
			sourceTree = "<group>";
		};
		7708E1FD289493FB0063E052 /* Preview Content */ = {
			isa = PBXGroup;
			children = (
				7708E1FE289493FB0063E052 /* Preview Assets.xcassets */,
			);
			path = "Preview Content";
			sourceTree = "<group>";
		};
		7708E22C289A19FD0063E052 /* ViewModels */ = {
			isa = PBXGroup;
			children = (
				7708E22D289A1A3C0063E052 /* WinesViewModel.swift */,
				7708E236289B183C0063E052 /* WineViewModel.swift */,
			);
			path = ViewModels;
			sourceTree = "<group>";
		};
		7708E22F289A1DB20063E052 /* Views */ = {
			isa = PBXGroup;
			children = (
				7708E1F9289493F90063E052 /* ContentView.swift */,
				7708E230289A1DE90063E052 /* WineCollectionsView.swift */,
				7708E238289B19A00063E052 /* WineAddView.swift */,
				7708E242289B7DD30063E052 /* WineDetailView.swift */,
			);
			path = Views;
			sourceTree = "<group>";
		};
		7708E232289A22F80063E052 /* Models */ = {
			isa = PBXGroup;
			children = (
				7708E233289A23080063E052 /* Wine.swift */,
			);
			path = Models;
			sourceTree = "<group>";
		};
/* End PBXGroup section */

/* Begin PBXNativeTarget section */
		7708E1F3289493F90063E052 /* Vino mio */ = {
			isa = PBXNativeTarget;
			buildConfigurationList = 7708E202289493FB0063E052 /* Build configuration list for PBXNativeTarget "Vino mio" */;
			buildPhases = (
				FC0F0FA0A2E1BE12CE444415 /* [CP] Check Pods Manifest.lock */,
				7708E1F0289493F90063E052 /* Sources */,
				7708E1F1289493F90063E052 /* Frameworks */,
				7708E1F2289493F90063E052 /* Resources */,
				8CED73FB63ACF11E0DE062C6 /* [CP] Embed Pods Frameworks */,
			);
			buildRules = (
			);
			dependencies = (
			);
			name = "Vino mio";
			productName = "Vino mio";
			productReference = 7708E1F4289493F90063E052 /* Vino mio.app */;
			productType = "com.apple.product-type.application";
		};
/* End PBXNativeTarget section */

/* Begin PBXProject section */
		7708E1EC289493F90063E052 /* Project object */ = {
			isa = PBXProject;
			attributes = {
				BuildIndependentTargetsInParallel = 1;
				LastSwiftUpdateCheck = 1340;
				LastUpgradeCheck = 1340;
				TargetAttributes = {
					7708E1F3289493F90063E052 = {
						CreatedOnToolsVersion = 13.4.1;
					};
				};
			};
			buildConfigurationList = 7708E1EF289493F90063E052 /* Build configuration list for PBXProject "Vino mio" */;
			compatibilityVersion = "Xcode 13.0";
			developmentRegion = en;
			hasScannedForEncodings = 0;
			knownRegions = (
				en,
				Base,
			);
			mainGroup = 7708E1EB289493F90063E052;
			productRefGroup = 7708E1F5289493F90063E052 /* Products */;
			projectDirPath = "";
			projectRoot = "";
			targets = (
				7708E1F3289493F90063E052 /* Vino mio */,
			);
		};
/* End PBXProject section */

/* Begin PBXResourcesBuildPhase section */
		7708E1F2289493F90063E052 /* Resources */ = {
			isa = PBXResourcesBuildPhase;
			buildActionMask = 2147483647;
			files = (
				7708E1FF289493FB0063E052 /* Preview Assets.xcassets in Resources */,
				7708E1FC289493FB0063E052 /* Assets.xcassets in Resources */,
				7708E206289495C60063E052 /* GoogleService-Info.plist in Resources */,
			);
			runOnlyForDeploymentPostprocessing = 0;
		};
/* End PBXResourcesBuildPhase section */

/* Begin PBXShellScriptBuildPhase section */
		8CED73FB63ACF11E0DE062C6 /* [CP] Embed Pods Frameworks */ = {
			isa = PBXShellScriptBuildPhase;
			buildActionMask = 2147483647;
			files = (
			);
			inputFileListPaths = (
				"${PODS_ROOT}/Target Support Files/Pods-Vino mio/Pods-Vino mio-frameworks-${CONFIGURATION}-input-files.xcfilelist",
			);
			name = "[CP] Embed Pods Frameworks";
			outputFileListPaths = (
				"${PODS_ROOT}/Target Support Files/Pods-Vino mio/Pods-Vino mio-frameworks-${CONFIGURATION}-output-files.xcfilelist",
			);
			runOnlyForDeploymentPostprocessing = 0;
			shellPath = /bin/sh;
			shellScript = "\"${PODS_ROOT}/Target Support Files/Pods-Vino mio/Pods-Vino mio-frameworks.sh\"\n";
			showEnvVarsInLog = 0;
		};
		FC0F0FA0A2E1BE12CE444415 /* [CP] Check Pods Manifest.lock */ = {
			isa = PBXShellScriptBuildPhase;
			buildActionMask = 2147483647;
			files = (
			);
			inputFileListPaths = (
			);
			inputPaths = (
				"${PODS_PODFILE_DIR_PATH}/Podfile.lock",
				"${PODS_ROOT}/Manifest.lock",
			);
			name = "[CP] Check Pods Manifest.lock";
			outputFileListPaths = (
			);
			outputPaths = (
				"$(DERIVED_FILE_DIR)/Pods-Vino mio-checkManifestLockResult.txt",
			);
			runOnlyForDeploymentPostprocessing = 0;
			shellPath = /bin/sh;
			shellScript = "diff \"${PODS_PODFILE_DIR_PATH}/Podfile.lock\" \"${PODS_ROOT}/Manifest.lock\" > /dev/null\nif [ $? != 0 ] ; then\n    # print error to STDERR\n    echo \"error: The sandbox is not in sync with the Podfile.lock. Run 'pod install' or update your CocoaPods installation.\" >&2\n    exit 1\nfi\n# This output is used by Xcode 'outputs' to avoid re-running this script phase.\necho \"SUCCESS\" > \"${SCRIPT_OUTPUT_FILE_0}\"\n";
			showEnvVarsInLog = 0;
		};
/* End PBXShellScriptBuildPhase section */

/* Begin PBXSourcesBuildPhase section */
		7708E1F0289493F90063E052 /* Sources */ = {
			isa = PBXSourcesBuildPhase;
			buildActionMask = 2147483647;
			files = (
				7708E243289B7DD30063E052 /* WineDetailView.swift in Sources */,
				7708E239289B19A00063E052 /* WineAddView.swift in Sources */,
				7708E1FA289493F90063E052 /* ContentView.swift in Sources */,
				7708E237289B183C0063E052 /* WineViewModel.swift in Sources */,
				7708E234289A23080063E052 /* Wine.swift in Sources */,
				7708E1F8289493F90063E052 /* Vino_mioApp.swift in Sources */,
				7708E22E289A1A3C0063E052 /* WinesViewModel.swift in Sources */,
				7708E231289A1DE90063E052 /* WineCollectionsView.swift in Sources */,
			);
			runOnlyForDeploymentPostprocessing = 0;
		};
/* End PBXSourcesBuildPhase section */

/* Begin XCBuildConfiguration section */
		7708E200289493FB0063E052 /* Debug */ = {
			isa = XCBuildConfiguration;
			buildSettings = {
				ALWAYS_SEARCH_USER_PATHS = NO;
				CLANG_ANALYZER_NONNULL = YES;
				CLANG_ANALYZER_NUMBER_OBJECT_CONVERSION = YES_AGGRESSIVE;
				CLANG_CXX_LANGUAGE_STANDARD = "gnu++17";
				CLANG_ENABLE_MODULES = YES;
				CLANG_ENABLE_OBJC_ARC = YES;
				CLANG_ENABLE_OBJC_WEAK = YES;
				CLANG_WARN_BLOCK_CAPTURE_AUTORELEASING = YES;
				CLANG_WARN_BOOL_CONVERSION = YES;
				CLANG_WARN_COMMA = YES;
				CLANG_WARN_CONSTANT_CONVERSION = YES;
				CLANG_WARN_DEPRECATED_OBJC_IMPLEMENTATIONS = YES;
				CLANG_WARN_DIRECT_OBJC_ISA_USAGE = YES_ERROR;
				CLANG_WARN_DOCUMENTATION_COMMENTS = YES;
				CLANG_WARN_EMPTY_BODY = YES;
				CLANG_WARN_ENUM_CONVERSION = YES;
				CLANG_WARN_INFINITE_RECURSION = YES;
				CLANG_WARN_INT_CONVERSION = YES;
				CLANG_WARN_NON_LITERAL_NULL_CONVERSION = YES;
				CLANG_WARN_OBJC_IMPLICIT_RETAIN_SELF = YES;
				CLANG_WARN_OBJC_LITERAL_CONVERSION = YES;
				CLANG_WARN_OBJC_ROOT_CLASS = YES_ERROR;
				CLANG_WARN_QUOTED_INCLUDE_IN_FRAMEWORK_HEADER = YES;
				CLANG_WARN_RANGE_LOOP_ANALYSIS = YES;
				CLANG_WARN_STRICT_PROTOTYPES = YES;
				CLANG_WARN_SUSPICIOUS_MOVE = YES;
				CLANG_WARN_UNGUARDED_AVAILABILITY = YES_AGGRESSIVE;
				CLANG_WARN_UNREACHABLE_CODE = YES;
				CLANG_WARN__DUPLICATE_METHOD_MATCH = YES;
				COPY_PHASE_STRIP = NO;
				DEBUG_INFORMATION_FORMAT = dwarf;
				ENABLE_STRICT_OBJC_MSGSEND = YES;
				ENABLE_TESTABILITY = YES;
				GCC_C_LANGUAGE_STANDARD = gnu11;
				GCC_DYNAMIC_NO_PIC = NO;
				GCC_NO_COMMON_BLOCKS = YES;
				GCC_OPTIMIZATION_LEVEL = 0;
				GCC_PREPROCESSOR_DEFINITIONS = (
					"DEBUG=1",
					"$(inherited)",
				);
				GCC_WARN_64_TO_32_BIT_CONVERSION = YES;
				GCC_WARN_ABOUT_RETURN_TYPE = YES_ERROR;
				GCC_WARN_UNDECLARED_SELECTOR = YES;
				GCC_WARN_UNINITIALIZED_AUTOS = YES_AGGRESSIVE;
				GCC_WARN_UNUSED_FUNCTION = YES;
				GCC_WARN_UNUSED_VARIABLE = YES;
				IPHONEOS_DEPLOYMENT_TARGET = 15.5;
				MTL_ENABLE_DEBUG_INFO = INCLUDE_SOURCE;
				MTL_FAST_MATH = YES;
				ONLY_ACTIVE_ARCH = YES;
				SDKROOT = iphoneos;
				SWIFT_ACTIVE_COMPILATION_CONDITIONS = DEBUG;
				SWIFT_OPTIMIZATION_LEVEL = "-Onone";
			};
			name = Debug;
		};
		7708E201289493FB0063E052 /* Release */ = {
			isa = XCBuildConfiguration;
			buildSettings = {
				ALWAYS_SEARCH_USER_PATHS = NO;
				CLANG_ANALYZER_NONNULL = YES;
				CLANG_ANALYZER_NUMBER_OBJECT_CONVERSION = YES_AGGRESSIVE;
				CLANG_CXX_LANGUAGE_STANDARD = "gnu++17";
				CLANG_ENABLE_MODULES = YES;
				CLANG_ENABLE_OBJC_ARC = YES;
				CLANG_ENABLE_OBJC_WEAK = YES;
				CLANG_WARN_BLOCK_CAPTURE_AUTORELEASING = YES;
				CLANG_WARN_BOOL_CONVERSION = YES;
				CLANG_WARN_COMMA = YES;
				CLANG_WARN_CONSTANT_CONVERSION = YES;
				CLANG_WARN_DEPRECATED_OBJC_IMPLEMENTATIONS = YES;
				CLANG_WARN_DIRECT_OBJC_ISA_USAGE = YES_ERROR;
				CLANG_WARN_DOCUMENTATION_COMMENTS = YES;
				CLANG_WARN_EMPTY_BODY = YES;
				CLANG_WARN_ENUM_CONVERSION = YES;
				CLANG_WARN_INFINITE_RECURSION = YES;
				CLANG_WARN_INT_CONVERSION = YES;
				CLANG_WARN_NON_LITERAL_NULL_CONVERSION = YES;
				CLANG_WARN_OBJC_IMPLICIT_RETAIN_SELF = YES;
				CLANG_WARN_OBJC_LITERAL_CONVERSION = YES;
				CLANG_WARN_OBJC_ROOT_CLASS = YES_ERROR;
				CLANG_WARN_QUOTED_INCLUDE_IN_FRAMEWORK_HEADER = YES;
				CLANG_WARN_RANGE_LOOP_ANALYSIS = YES;
				CLANG_WARN_STRICT_PROTOTYPES = YES;
				CLANG_WARN_SUSPICIOUS_MOVE = YES;
				CLANG_WARN_UNGUARDED_AVAILABILITY = YES_AGGRESSIVE;
				CLANG_WARN_UNREACHABLE_CODE = YES;
				CLANG_WARN__DUPLICATE_METHOD_MATCH = YES;
				COPY_PHASE_STRIP = NO;
				DEBUG_INFORMATION_FORMAT = "dwarf-with-dsym";
				ENABLE_NS_ASSERTIONS = NO;
				ENABLE_STRICT_OBJC_MSGSEND = YES;
				GCC_C_LANGUAGE_STANDARD = gnu11;
				GCC_NO_COMMON_BLOCKS = YES;
				GCC_WARN_64_TO_32_BIT_CONVERSION = YES;
				GCC_WARN_ABOUT_RETURN_TYPE = YES_ERROR;
				GCC_WARN_UNDECLARED_SELECTOR = YES;
				GCC_WARN_UNINITIALIZED_AUTOS = YES_AGGRESSIVE;
				GCC_WARN_UNUSED_FUNCTION = YES;
				GCC_WARN_UNUSED_VARIABLE = YES;
				IPHONEOS_DEPLOYMENT_TARGET = 15.5;
				MTL_ENABLE_DEBUG_INFO = NO;
				MTL_FAST_MATH = YES;
				SDKROOT = iphoneos;
				SWIFT_COMPILATION_MODE = wholemodule;
				SWIFT_OPTIMIZATION_LEVEL = "-O";
				VALIDATE_PRODUCT = YES;
			};
			name = Release;
		};
		7708E203289493FB0063E052 /* Debug */ = {
			isa = XCBuildConfiguration;
			baseConfigurationReference = 8488C935A3C6822B3BFC978A /* Pods-Vino mio.debug.xcconfig */;
			buildSettings = {
				ASSETCATALOG_COMPILER_APPICON_NAME = AppIcon;
				ASSETCATALOG_COMPILER_GLOBAL_ACCENT_COLOR_NAME = AccentColor;
				CODE_SIGN_STYLE = Automatic;
				CURRENT_PROJECT_VERSION = 1;
				DEVELOPMENT_ASSET_PATHS = "\"Vino mio/Preview Content\"";
				DEVELOPMENT_TEAM = 6DPLLM3FW8;
				ENABLE_PREVIEWS = YES;
				GENERATE_INFOPLIST_FILE = YES;
				INFOPLIST_KEY_UIApplicationSceneManifest_Generation = YES;
				INFOPLIST_KEY_UIApplicationSupportsIndirectInputEvents = YES;
				INFOPLIST_KEY_UILaunchScreen_Generation = YES;
				INFOPLIST_KEY_UISupportedInterfaceOrientations_iPad = "UIInterfaceOrientationPortrait UIInterfaceOrientationPortraitUpsideDown UIInterfaceOrientationLandscapeLeft UIInterfaceOrientationLandscapeRight";
				INFOPLIST_KEY_UISupportedInterfaceOrientations_iPhone = "UIInterfaceOrientationPortrait UIInterfaceOrientationLandscapeLeft UIInterfaceOrientationLandscapeRight";
				LD_RUNPATH_SEARCH_PATHS = (
					"$(inherited)",
					"@executable_path/Frameworks",
				);
				MARKETING_VERSION = 1.0;
				PRODUCT_BUNDLE_IDENTIFIER = "Haileyful.Vino-mio";
				PRODUCT_NAME = "$(TARGET_NAME)";
				SWIFT_EMIT_LOC_STRINGS = YES;
				SWIFT_VERSION = 5.0;
				TARGETED_DEVICE_FAMILY = "1,2";
			};
			name = Debug;
		};
		7708E204289493FB0063E052 /* Release */ = {
			isa = XCBuildConfiguration;
			baseConfigurationReference = D0D63FA82E934A11CA88AF35 /* Pods-Vino mio.release.xcconfig */;
			buildSettings = {
				ASSETCATALOG_COMPILER_APPICON_NAME = AppIcon;
				ASSETCATALOG_COMPILER_GLOBAL_ACCENT_COLOR_NAME = AccentColor;
				CODE_SIGN_STYLE = Automatic;
				CURRENT_PROJECT_VERSION = 1;
				DEVELOPMENT_ASSET_PATHS = "\"Vino mio/Preview Content\"";
				DEVELOPMENT_TEAM = 6DPLLM3FW8;
				ENABLE_PREVIEWS = YES;
				GENERATE_INFOPLIST_FILE = YES;
				INFOPLIST_KEY_UIApplicationSceneManifest_Generation = YES;
				INFOPLIST_KEY_UIApplicationSupportsIndirectInputEvents = YES;
				INFOPLIST_KEY_UILaunchScreen_Generation = YES;
				INFOPLIST_KEY_UISupportedInterfaceOrientations_iPad = "UIInterfaceOrientationPortrait UIInterfaceOrientationPortraitUpsideDown UIInterfaceOrientationLandscapeLeft UIInterfaceOrientationLandscapeRight";
				INFOPLIST_KEY_UISupportedInterfaceOrientations_iPhone = "UIInterfaceOrientationPortrait UIInterfaceOrientationLandscapeLeft UIInterfaceOrientationLandscapeRight";
				LD_RUNPATH_SEARCH_PATHS = (
					"$(inherited)",
					"@executable_path/Frameworks",
				);
				MARKETING_VERSION = 1.0;
				PRODUCT_BUNDLE_IDENTIFIER = "Haileyful.Vino-mio";
				PRODUCT_NAME = "$(TARGET_NAME)";
				SWIFT_EMIT_LOC_STRINGS = YES;
				SWIFT_VERSION = 5.0;
				TARGETED_DEVICE_FAMILY = "1,2";
			};
			name = Release;
		};
/* End XCBuildConfiguration section */

/* Begin XCConfigurationList section */
		7708E1EF289493F90063E052 /* Build configuration list for PBXProject "Vino mio" */ = {
			isa = XCConfigurationList;
			buildConfigurations = (
				7708E200289493FB0063E052 /* Debug */,
				7708E201289493FB0063E052 /* Release */,
			);
			defaultConfigurationIsVisible = 0;
			defaultConfigurationName = Release;
		};
		7708E202289493FB0063E052 /* Build configuration list for PBXNativeTarget "Vino mio" */ = {
			isa = XCConfigurationList;
			buildConfigurations = (
				7708E203289493FB0063E052 /* Debug */,
				7708E204289493FB0063E052 /* Release */,
			);
			defaultConfigurationIsVisible = 0;
			defaultConfigurationName = Release;
		};
/* End XCConfigurationList section */
	};
	rootObject = 7708E1EC289493F90063E052 /* Project object */;
}
